
Microsoft Visual Studio Solution File, Format Version 12.00
# Visual Studio Version 17
VisualStudioVersion = 17.9.34728.123
MinimumVisualStudioVersion = 10.0.40219.1
Project("{9A19103F-16F7-4668-BE54-9A1E7A4F7556}") = "21_BookRentalShopApp", "21_BookRentalShopApp\21_BookRentalShopApp.csproj", "{07991386-2FF1-496B-9121-AEAE91E82B20}"
EndProject
Project("{FAE04EC0-301F-11D3-BF4B-00C04F79EFBC}") = "22_NewBookRentalShopApp", "22_NewBookRentalShopApp\22_NewBookRentalShopApp.csproj", "{C6415CC5-CD67-4970-BCE3-1F5887319CEE}"
EndProject
Global
	GlobalSection(SolutionConfigurationPlatforms) = preSolution
		Debug|Any CPU = Debug|Any CPU
		Release|Any CPU = Release|Any CPU
	EndGlobalSection
	GlobalSection(ProjectConfigurationPlatforms) = postSolution
		{07991386-2FF1-496B-9121-AEAE91E82B20}.Debug|Any CPU.ActiveCfg = Debug|Any CPU
		{07991386-2FF1-496B-9121-AEAE91E82B20}.Debug|Any CPU.Build.0 = Debug|Any CPU
		{07991386-2FF1-496B-9121-AEAE91E82B20}.Release|Any CPU.ActiveCfg = Release|Any CPU
		{07991386-2FF1-496B-9121-AEAE91E82B20}.Release|Any CPU.Build.0 = Release|Any CPU
		{C6415CC5-CD67-4970-BCE3-1F5887319CEE}.Debug|Any CPU.ActiveCfg = Debug|Any CPU
		{C6415CC5-CD67-4970-BCE3-1F5887319CEE}.Debug|Any CPU.Build.0 = Debug|Any CPU
		{C6415CC5-CD67-4970-BCE3-1F5887319CEE}.Release|Any CPU.ActiveCfg = Release|Any CPU
		{C6415CC5-CD67-4970-BCE3-1F5887319CEE}.Release|Any CPU.Build.0 = Release|Any CPU
	EndGlobalSection
	GlobalSection(SolutionProperties) = preSolution
		HideSolutionNode = FALSE
	EndGlobalSection
	GlobalSection(ExtensibilityGlobals) = postSolution
		SolutionGuid = {B6D7809A-8ED4-46A8-9D7E-66FAADB9F0DC}
	EndGlobalSection
EndGlobal
